{
  "pins" : [
    {
      "identity" : "kmm-viewmodel",
      "kind" : "remoteSourceControl",
      "location" : "https://github.com/rickclephas/KMM-ViewModel.git",
      "state" : {
        "branch" : "master",
        "revision" : "d49fbe113649e3cc1465614965bd503f47ccb82b"
      }
    },
    {
      "identity" : "kmp-nativecoroutines",
      "kind" : "remoteSourceControl",
      "location" : "https://github.com/rickclephas/KMP-NativeCoroutines.git",
      "state" : {
        "branch" : "master",
        "revision" : "b83d6edacd13741f5a2a1deacfe6be3259d9dcf3"
      }
    },
    {
      "identity" : "rxswift",
      "kind" : "remoteSourceControl",
      "location" : "https://github.com/ReactiveX/RxSwift.git",
      "state" : {
        "revision" : "9dcaa4b333db437b0fbfaf453fad29069044a8b4",
        "version" : "6.6.0"
      }
    }
  ],
  "version" : 2
}
